
Microsoft Visual Studio Solution File, Format Version 12.00
# Visual Studio Version 16
VisualStudioVersion = 16.0.30611.23
MinimumVisualStudioVersion = 10.0.40219.1
Project("{2150E333-8FDC-42A3-9474-1A3956D46DE8}") = "WISC3", "WISC3", "{FE03B08B-3B41-421B-8A3B-792587121944}"
EndProject
Project("{9A19103F-16F7-4668-BE54-9A1E7A4F7556}") = "Silvestre.Pshychology.Tools.WISC3", "Silvestre.Pshychology.Tools.WISC3\Silvestre.Pshychology.Tools.WISC3.csproj", "{27A97BAE-9B6B-4422-A926-6F3C2D5320E7}"
EndProject
Project("{9A19103F-16F7-4668-BE54-9A1E7A4F7556}") = "Silvestre.Pshychology.Tools.WISC3.WebComponent", "Silvestre.Pshychology.Tools.WISC3.WebComponent\Silvestre.Pshychology.Tools.WISC3.WebComponent.csproj", "{0CFE824C-E666-4082-AB93-0B7CEF9D62BA}"
EndProject
Project("{9A19103F-16F7-4668-BE54-9A1E7A4F7556}") = "Silvestre.Pshychology.Tools.WebApp", "Silvestre.Pshychology.Tools.WebApp\Silvestre.Pshychology.Tools.WebApp.csproj", "{2F0888FE-C550-4E1A-A7E8-792BD5E8D4C0}"
EndProject
Global
	GlobalSection(SolutionConfigurationPlatforms) = preSolution
		Debug|Any CPU = Debug|Any CPU
		Release|Any CPU = Release|Any CPU
	EndGlobalSection
	GlobalSection(ProjectConfigurationPlatforms) = postSolution
		{27A97BAE-9B6B-4422-A926-6F3C2D5320E7}.Debug|Any CPU.ActiveCfg = Debug|Any CPU
		{27A97BAE-9B6B-4422-A926-6F3C2D5320E7}.Debug|Any CPU.Build.0 = Debug|Any CPU
		{27A97BAE-9B6B-4422-A926-6F3C2D5320E7}.Release|Any CPU.ActiveCfg = Release|Any CPU
		{27A97BAE-9B6B-4422-A926-6F3C2D5320E7}.Release|Any CPU.Build.0 = Release|Any CPU
		{0CFE824C-E666-4082-AB93-0B7CEF9D62BA}.Debug|Any CPU.ActiveCfg = Debug|Any CPU
		{0CFE824C-E666-4082-AB93-0B7CEF9D62BA}.Debug|Any CPU.Build.0 = Debug|Any CPU
		{0CFE824C-E666-4082-AB93-0B7CEF9D62BA}.Release|Any CPU.ActiveCfg = Release|Any CPU
		{0CFE824C-E666-4082-AB93-0B7CEF9D62BA}.Release|Any CPU.Build.0 = Release|Any CPU
		{2F0888FE-C550-4E1A-A7E8-792BD5E8D4C0}.Debug|Any CPU.ActiveCfg = Debug|Any CPU
		{2F0888FE-C550-4E1A-A7E8-792BD5E8D4C0}.Debug|Any CPU.Build.0 = Debug|Any CPU
		{2F0888FE-C550-4E1A-A7E8-792BD5E8D4C0}.Release|Any CPU.ActiveCfg = Release|Any CPU
		{2F0888FE-C550-4E1A-A7E8-792BD5E8D4C0}.Release|Any CPU.Build.0 = Release|Any CPU
	EndGlobalSection
	GlobalSection(SolutionProperties) = preSolution
		HideSolutionNode = FALSE
	EndGlobalSection
	GlobalSection(NestedProjects) = preSolution
		{27A97BAE-9B6B-4422-A926-6F3C2D5320E7} = {FE03B08B-3B41-421B-8A3B-792587121944}
		{0CFE824C-E666-4082-AB93-0B7CEF9D62BA} = {FE03B08B-3B41-421B-8A3B-792587121944}
	EndGlobalSection
	GlobalSection(ExtensibilityGlobals) = postSolution
		SolutionGuid = {29C56073-CF81-44AC-A8DE-8A9CE7D8F540}
	EndGlobalSection
EndGlobal
